schema: '2.0'
stages:
  treino:
    cmd: uv run python -m churn.train
    deps:
    - path: data/churn.csv
      hash: md5
      md5: 179637707729f145c58bef0e369d3167
      size: 988050
    - path: src/churn
      hash: md5
      md5: 223e08fbe7e260bf9fe1859fc629b132.dir
      size: 24848
      nfiles: 19
    outs:
    - path: models/churn_model.pkl
      hash: md5
      md5: 459c6f65ca73ef0be11562547cdb6807
      size: 39055111
